PODS:
  - GaugeSlider (1.2.1)
  - SnapKit (5.6.0)
  - youtube-ios-player-helper (0.1.6)

DEPENDENCIES:
  - GaugeSlider (~> 1.2.1)
  - SnapKit (~> 5.6)
  - youtube-ios-player-helper (~> 0.1)

SPEC REPOS:
  trunk:
    - GaugeSlider
    - SnapKit
    - youtube-ios-player-helper

SPEC CHECKSUMS:
  GaugeSlider: 0a93d2c07989880744f3911a94011a611b40e943
  SnapKit: e01d52ebb8ddbc333eefe2132acf85c8227d9c25
  youtube-ios-player-helper: 21ab92db027c7ff86cb17a3843a3f6eafc8158d2

PODFILE CHECKSUM: 8af0b7ac9dfc2700ab6e80857a2cca0cb2764600

COCOAPODS: 1.11.3
